
Microsoft Visual Studio Solution File, Format Version 12.00
# Visual Studio Version 17
VisualStudioVersion = 17.0.32112.339
MinimumVisualStudioVersion = 10.0.40219.1
Project("{9A19103F-16F7-4668-BE54-9A1E7A4F7556}") = "UrnaEletronica.WebApi", "UrnaEletronica\UrnaEletronica.WebApi.csproj", "{49059CB3-8715-4501-9546-FD9A46212417}"
EndProject
Project("{9A19103F-16F7-4668-BE54-9A1E7A4F7556}") = "UrnaEletronica.Domain", "UrnaEletronica.Domain\UrnaEletronica.Domain.csproj", "{E2E51B09-C335-41A6-A0E1-30B5B57491E8}"
EndProject
Project("{9A19103F-16F7-4668-BE54-9A1E7A4F7556}") = "UrnaEletronica.Infrastructure", "UrnaEletronica.Infrastructure\UrnaEletronica.Infrastructure.csproj", "{E0AB2810-F6BC-4B60-923B-49B80BB8C220}"
EndProject
Project("{9A19103F-16F7-4668-BE54-9A1E7A4F7556}") = "UrnaEletronica.Application", "UrnaEletronica.Application\UrnaEletronica.Application.csproj", "{20EDC6B4-0943-4D03-98BA-333CC54CAC63}"
EndProject
Project("{2150E333-8FDC-42A3-9474-1A3956D46DE8}") = "Tests", "Tests", "{E61C26B7-D5BC-4EAE-BBBF-81339D33BF1C}"
EndProject
Project("{9A19103F-16F7-4668-BE54-9A1E7A4F7556}") = "UrnaEletronica.Domain.Test", "UrnaEletronica.Domain.Test\UrnaEletronica.Domain.Test.csproj", "{6DEF2C74-26F8-4E69-9BB3-CF9B528A4917}"
EndProject
Project("{FAE04EC0-301F-11D3-BF4B-00C04F79EFBC}") = "UrnaEletronica.WebApi.Test", "UrnaEletronica.WebApi.Test\UrnaEletronica.WebApi.Test.csproj", "{748CE4CB-0B0D-4668-812E-C44AF121C6B0}"
EndProject
Global
	GlobalSection(SolutionConfigurationPlatforms) = preSolution
		Debug|Any CPU = Debug|Any CPU
		Release|Any CPU = Release|Any CPU
	EndGlobalSection
	GlobalSection(ProjectConfigurationPlatforms) = postSolution
		{49059CB3-8715-4501-9546-FD9A46212417}.Debug|Any CPU.ActiveCfg = Debug|Any CPU
		{49059CB3-8715-4501-9546-FD9A46212417}.Debug|Any CPU.Build.0 = Debug|Any CPU
		{49059CB3-8715-4501-9546-FD9A46212417}.Release|Any CPU.ActiveCfg = Release|Any CPU
		{49059CB3-8715-4501-9546-FD9A46212417}.Release|Any CPU.Build.0 = Release|Any CPU
		{E2E51B09-C335-41A6-A0E1-30B5B57491E8}.Debug|Any CPU.ActiveCfg = Debug|Any CPU
		{E2E51B09-C335-41A6-A0E1-30B5B57491E8}.Debug|Any CPU.Build.0 = Debug|Any CPU
		{E2E51B09-C335-41A6-A0E1-30B5B57491E8}.Release|Any CPU.ActiveCfg = Release|Any CPU
		{E2E51B09-C335-41A6-A0E1-30B5B57491E8}.Release|Any CPU.Build.0 = Release|Any CPU
		{E0AB2810-F6BC-4B60-923B-49B80BB8C220}.Debug|Any CPU.ActiveCfg = Debug|Any CPU
		{E0AB2810-F6BC-4B60-923B-49B80BB8C220}.Debug|Any CPU.Build.0 = Debug|Any CPU
		{E0AB2810-F6BC-4B60-923B-49B80BB8C220}.Release|Any CPU.ActiveCfg = Release|Any CPU
		{E0AB2810-F6BC-4B60-923B-49B80BB8C220}.Release|Any CPU.Build.0 = Release|Any CPU
		{20EDC6B4-0943-4D03-98BA-333CC54CAC63}.Debug|Any CPU.ActiveCfg = Debug|Any CPU
		{20EDC6B4-0943-4D03-98BA-333CC54CAC63}.Debug|Any CPU.Build.0 = Debug|Any CPU
		{20EDC6B4-0943-4D03-98BA-333CC54CAC63}.Release|Any CPU.ActiveCfg = Release|Any CPU
		{20EDC6B4-0943-4D03-98BA-333CC54CAC63}.Release|Any CPU.Build.0 = Release|Any CPU
		{6DEF2C74-26F8-4E69-9BB3-CF9B528A4917}.Debug|Any CPU.ActiveCfg = Debug|Any CPU
		{6DEF2C74-26F8-4E69-9BB3-CF9B528A4917}.Debug|Any CPU.Build.0 = Debug|Any CPU
		{6DEF2C74-26F8-4E69-9BB3-CF9B528A4917}.Release|Any CPU.ActiveCfg = Release|Any CPU
		{6DEF2C74-26F8-4E69-9BB3-CF9B528A4917}.Release|Any CPU.Build.0 = Release|Any CPU
		{748CE4CB-0B0D-4668-812E-C44AF121C6B0}.Debug|Any CPU.ActiveCfg = Debug|Any CPU
		{748CE4CB-0B0D-4668-812E-C44AF121C6B0}.Debug|Any CPU.Build.0 = Debug|Any CPU
		{748CE4CB-0B0D-4668-812E-C44AF121C6B0}.Release|Any CPU.ActiveCfg = Release|Any CPU
		{748CE4CB-0B0D-4668-812E-C44AF121C6B0}.Release|Any CPU.Build.0 = Release|Any CPU
	EndGlobalSection
	GlobalSection(SolutionProperties) = preSolution
		HideSolutionNode = FALSE
	EndGlobalSection
	GlobalSection(NestedProjects) = preSolution
		{6DEF2C74-26F8-4E69-9BB3-CF9B528A4917} = {E61C26B7-D5BC-4EAE-BBBF-81339D33BF1C}
		{748CE4CB-0B0D-4668-812E-C44AF121C6B0} = {E61C26B7-D5BC-4EAE-BBBF-81339D33BF1C}
	EndGlobalSection
	GlobalSection(ExtensibilityGlobals) = postSolution
		SolutionGuid = {FC91BC5B-81E7-4861-81AD-F1F92F1F16EF}
	EndGlobalSection
EndGlobal
